
Microsoft Visual Studio Solution File, Format Version 12.00
# Visual Studio Version 16
VisualStudioVersion = 16.0.30517.126
MinimumVisualStudioVersion = 10.0.40219.1
Project("{FAE04EC0-301F-11D3-BF4B-00C04F79EFBC}") = "Challenge1.KomodoCafe.Repo", "Challenge1.KomodoCafe.Repo\Challenge1.KomodoCafe.Repo.csproj", "{93DDF1E4-797C-4D03-9ED3-7421C2EBE247}"
EndProject
Project("{FAE04EC0-301F-11D3-BF4B-00C04F79EFBC}") = "Challenge1.KomodoCafe.UnitTests", "Challenge1.KomodoCafe.UnitTests\Challenge1.KomodoCafe.UnitTests.csproj", "{F204CA83-6051-4095-98FD-60376E84D9DC}"
EndProject
Project("{FAE04EC0-301F-11D3-BF4B-00C04F79EFBC}") = "Challenge1.KomodoCafe.UI", "Challenge1.KomodoCafe.Console\Challenge1.KomodoCafe.UI.csproj", "{F8D5C360-4961-452E-B26C-B4E097024FDC}"
EndProject
Global
	GlobalSection(SolutionConfigurationPlatforms) = preSolution
		Debug|Any CPU = Debug|Any CPU
		Release|Any CPU = Release|Any CPU
	EndGlobalSection
	GlobalSection(ProjectConfigurationPlatforms) = postSolution
		{93DDF1E4-797C-4D03-9ED3-7421C2EBE247}.Debug|Any CPU.ActiveCfg = Debug|Any CPU
		{93DDF1E4-797C-4D03-9ED3-7421C2EBE247}.Debug|Any CPU.Build.0 = Debug|Any CPU
		{93DDF1E4-797C-4D03-9ED3-7421C2EBE247}.Release|Any CPU.ActiveCfg = Release|Any CPU
		{93DDF1E4-797C-4D03-9ED3-7421C2EBE247}.Release|Any CPU.Build.0 = Release|Any CPU
		{F204CA83-6051-4095-98FD-60376E84D9DC}.Debug|Any CPU.ActiveCfg = Debug|Any CPU
		{F204CA83-6051-4095-98FD-60376E84D9DC}.Debug|Any CPU.Build.0 = Debug|Any CPU
		{F204CA83-6051-4095-98FD-60376E84D9DC}.Release|Any CPU.ActiveCfg = Release|Any CPU
		{F204CA83-6051-4095-98FD-60376E84D9DC}.Release|Any CPU.Build.0 = Release|Any CPU
		{F8D5C360-4961-452E-B26C-B4E097024FDC}.Debug|Any CPU.ActiveCfg = Debug|Any CPU
		{F8D5C360-4961-452E-B26C-B4E097024FDC}.Debug|Any CPU.Build.0 = Debug|Any CPU
		{F8D5C360-4961-452E-B26C-B4E097024FDC}.Release|Any CPU.ActiveCfg = Release|Any CPU
		{F8D5C360-4961-452E-B26C-B4E097024FDC}.Release|Any CPU.Build.0 = Release|Any CPU
	EndGlobalSection
	GlobalSection(SolutionProperties) = preSolution
		HideSolutionNode = FALSE
	EndGlobalSection
	GlobalSection(ExtensibilityGlobals) = postSolution
		SolutionGuid = {8B6F9C8C-FCF9-4B63-B112-A37FCCF15698}
	EndGlobalSection
EndGlobal
